
Microsoft Visual Studio Solution File, Format Version 12.00
# Visual Studio Version 16
VisualStudioVersion = 16.0.30413.136
MinimumVisualStudioVersion = 10.0.40219.1
Project("{FAE04EC0-301F-11D3-BF4B-00C04F79EFBC}") = "P01", "P01\P01.csproj", "{DE4B532E-8B45-487B-AC61-2FD7C82A4B61}"
EndProject
Global
	GlobalSection(SolutionConfigurationPlatforms) = preSolution
		Debug|Any CPU = Debug|Any CPU
		Release|Any CPU = Release|Any CPU
	EndGlobalSection
	GlobalSection(ProjectConfigurationPlatforms) = postSolution
		{DE4B532E-8B45-487B-AC61-2FD7C82A4B61}.Debug|Any CPU.ActiveCfg = Debug|Any CPU
		{DE4B532E-8B45-487B-AC61-2FD7C82A4B61}.Debug|Any CPU.Build.0 = Debug|Any CPU
		{DE4B532E-8B45-487B-AC61-2FD7C82A4B61}.Release|Any CPU.ActiveCfg = Release|Any CPU
		{DE4B532E-8B45-487B-AC61-2FD7C82A4B61}.Release|Any CPU.Build.0 = Release|Any CPU
	EndGlobalSection
	GlobalSection(SolutionProperties) = preSolution
		HideSolutionNode = FALSE
	EndGlobalSection
	GlobalSection(ExtensibilityGlobals) = postSolution
		SolutionGuid = {50488A4D-41D9-4F84-93A3-FAE29E600507}
	EndGlobalSection
EndGlobal
